
Microsoft Visual Studio Solution File, Format Version 12.00
# Visual Studio Version 17
VisualStudioVersion = 17.1.32210.238
MinimumVisualStudioVersion = 10.0.40219.1
Project("{FAE04EC0-301F-11D3-BF4B-00C04F79EFBC}") = "CapturarIP", "CapturarIP\CapturarIP.csproj", "{5871CE9D-D60F-4554-915F-84E98160C0F8}"
EndProject
Global
	GlobalSection(SolutionConfigurationPlatforms) = preSolution
		Debug|Any CPU = Debug|Any CPU
		Release|Any CPU = Release|Any CPU
	EndGlobalSection
	GlobalSection(ProjectConfigurationPlatforms) = postSolution
		{5871CE9D-D60F-4554-915F-84E98160C0F8}.Debug|Any CPU.ActiveCfg = Debug|Any CPU
		{5871CE9D-D60F-4554-915F-84E98160C0F8}.Debug|Any CPU.Build.0 = Debug|Any CPU
		{5871CE9D-D60F-4554-915F-84E98160C0F8}.Release|Any CPU.ActiveCfg = Release|Any CPU
		{5871CE9D-D60F-4554-915F-84E98160C0F8}.Release|Any CPU.Build.0 = Release|Any CPU
	EndGlobalSection
	GlobalSection(SolutionProperties) = preSolution
		HideSolutionNode = FALSE
	EndGlobalSection
	GlobalSection(ExtensibilityGlobals) = postSolution
		SolutionGuid = {FC2C3CDD-B9F1-4D1E-9ED2-7C93693E97F4}
	EndGlobalSection
EndGlobal
